
Microsoft Visual Studio Solution File, Format Version 12.00
# Visual Studio Version 17
VisualStudioVersion = 17.8.34316.72
MinimumVisualStudioVersion = 10.0.40219.1
Project("{FAE04EC0-301F-11D3-BF4B-00C04F79EFBC}") = "Parprogrammering", "Parprogrammering.csproj", "{6259C28B-C42F-4DFE-84F5-348C3DD28020}"
EndProject
Global
	GlobalSection(SolutionConfigurationPlatforms) = preSolution
		Debug|Any CPU = Debug|Any CPU
		Release|Any CPU = Release|Any CPU
	EndGlobalSection
	GlobalSection(ProjectConfigurationPlatforms) = postSolution
		{6259C28B-C42F-4DFE-84F5-348C3DD28020}.Debug|Any CPU.ActiveCfg = Debug|Any CPU
		{6259C28B-C42F-4DFE-84F5-348C3DD28020}.Debug|Any CPU.Build.0 = Debug|Any CPU
		{6259C28B-C42F-4DFE-84F5-348C3DD28020}.Release|Any CPU.ActiveCfg = Release|Any CPU
		{6259C28B-C42F-4DFE-84F5-348C3DD28020}.Release|Any CPU.Build.0 = Release|Any CPU
	EndGlobalSection
	GlobalSection(SolutionProperties) = preSolution
		HideSolutionNode = FALSE
	EndGlobalSection
	GlobalSection(ExtensibilityGlobals) = postSolution
		SolutionGuid = {D9ECC061-B1C5-440D-8DB2-43D2C439F18D}
	EndGlobalSection
EndGlobal
